
Microsoft Visual Studio Solution File, Format Version 10.00
# Visual C++ Express 2008
Project("{8BC9CEB8-8B4A-11D0-8D11-00A0C91BC942}") = "md5", "md5.vcproj", "{12FB51B2-1C31-434A-B0B0-2914BF9E9233}"
EndProject
Global
	GlobalSection(SolutionConfigurationPlatforms) = preSolution
		Debug|Win32 = Debug|Win32
		Release|Win32 = Release|Win32
	EndGlobalSection
	GlobalSection(ProjectConfigurationPlatforms) = postSolution
		{12FB51B2-1C31-434A-B0B0-2914BF9E9233}.Debug|Win32.ActiveCfg = Debug|Win32
		{12FB51B2-1C31-434A-B0B0-2914BF9E9233}.Debug|Win32.Build.0 = Debug|Win32
		{12FB51B2-1C31-434A-B0B0-2914BF9E9233}.Release|Win32.ActiveCfg = Release|Win32
		{12FB51B2-1C31-434A-B0B0-2914BF9E9233}.Release|Win32.Build.0 = Release|Win32
	EndGlobalSection
	GlobalSection(SolutionProperties) = preSolution
		HideSolutionNode = FALSE
	EndGlobalSection
EndGlobal
