Microsoft Visual Studio Solution File, Format Version 10.00
# Visual C++ Express 2008
Project("{8BC9CEB8-8B4A-11D0-8D11-00A0C91BC942}") = "cjson", "cjson.vcproj", "{F0908DD3-027C-4616-B3DC-C570C1ADE310}"
EndProject
Global
	GlobalSection(SolutionConfigurationPlatforms) = preSolution
		Debug|Win32 = Debug|Win32
		MinSizeRel|Win32 = MinSizeRel|Win32
		Release|Win32 = Release|Win32
		RelWithDebInfo|Win32 = RelWithDebInfo|Win32
	EndGlobalSection
	GlobalSection(ProjectConfigurationPlatforms) = postSolution
		{F0908DD3-027C-4616-B3DC-C570C1ADE310}.Debug|Win32.ActiveCfg = Debug|Win32
		{F0908DD3-027C-4616-B3DC-C570C1ADE310}.Debug|Win32.Build.0 = Debug|Win32
		{F0908DD3-027C-4616-B3DC-C570C1ADE310}.MinSizeRel|Win32.ActiveCfg = MinSizeRel|Win32
		{F0908DD3-027C-4616-B3DC-C570C1ADE310}.MinSizeRel|Win32.Build.0 = MinSizeRel|Win32
		{F0908DD3-027C-4616-B3DC-C570C1ADE310}.Release|Win32.ActiveCfg = Release|Win32
		{F0908DD3-027C-4616-B3DC-C570C1ADE310}.Release|Win32.Build.0 = Release|Win32
		{F0908DD3-027C-4616-B3DC-C570C1ADE310}.RelWithDebInfo|Win32.ActiveCfg = RelWithDebInfo|Win32
		{F0908DD3-027C-4616-B3DC-C570C1ADE310}.RelWithDebInfo|Win32.Build.0 = RelWithDebInfo|Win32
	EndGlobalSection
	GlobalSection(SolutionProperties) = preSolution
		HideSolutionNode = FALSE
	EndGlobalSection
EndGlobal
